
Microsoft Visual Studio Solution File, Format Version 12.00
# Visual Studio 15
VisualStudioVersion = 15.0.27130.2036
MinimumVisualStudioVersion = 10.0.40219.1
Project("{FAE04EC0-301F-11D3-BF4B-00C04F79EFBC}") = "Homework1", "Homework1\Homework1.csproj", "{973B2485-987A-40CE-B0F7-95F469F2044C}"
EndProject
Project("{FAE04EC0-301F-11D3-BF4B-00C04F79EFBC}") = "Homework2", "Homework2\Homework2.csproj", "{8CB209B5-AA23-42A7-B13F-7EAD582C07F2}"
EndProject
Global
	GlobalSection(SolutionConfigurationPlatforms) = preSolution
		Debug|Any CPU = Debug|Any CPU
		Release|Any CPU = Release|Any CPU
	EndGlobalSection
	GlobalSection(ProjectConfigurationPlatforms) = postSolution
		{973B2485-987A-40CE-B0F7-95F469F2044C}.Debug|Any CPU.ActiveCfg = Debug|Any CPU
		{973B2485-987A-40CE-B0F7-95F469F2044C}.Debug|Any CPU.Build.0 = Debug|Any CPU
		{973B2485-987A-40CE-B0F7-95F469F2044C}.Release|Any CPU.ActiveCfg = Release|Any CPU
		{973B2485-987A-40CE-B0F7-95F469F2044C}.Release|Any CPU.Build.0 = Release|Any CPU
		{8CB209B5-AA23-42A7-B13F-7EAD582C07F2}.Debug|Any CPU.ActiveCfg = Debug|Any CPU
		{8CB209B5-AA23-42A7-B13F-7EAD582C07F2}.Debug|Any CPU.Build.0 = Debug|Any CPU
		{8CB209B5-AA23-42A7-B13F-7EAD582C07F2}.Release|Any CPU.ActiveCfg = Release|Any CPU
		{8CB209B5-AA23-42A7-B13F-7EAD582C07F2}.Release|Any CPU.Build.0 = Release|Any CPU
	EndGlobalSection
	GlobalSection(SolutionProperties) = preSolution
		HideSolutionNode = FALSE
	EndGlobalSection
	GlobalSection(ExtensibilityGlobals) = postSolution
		SolutionGuid = {E68CDCE5-635C-4A2C-B0C7-FE77FE986F3A}
	EndGlobalSection
EndGlobal
