
Microsoft Visual Studio Solution File, Format Version 12.00
# Visual Studio 15
VisualStudioVersion = 15.0.27130.2036
MinimumVisualStudioVersion = 10.0.40219.1
Project("{FAE04EC0-301F-11D3-BF4B-00C04F79EFBC}") = "Homework2", "Homework2\Homework2.csproj", "{6B0DCA0B-89A6-4600-AFAC-DC8DFBA15B3E}"
EndProject
Project("{FAE04EC0-301F-11D3-BF4B-00C04F79EFBC}") = "Homework1", "Homework1\Homework1.csproj", "{9F8D420F-AAD7-41A5-9111-0B218E4599FA}"
EndProject
Project("{FAE04EC0-301F-11D3-BF4B-00C04F79EFBC}") = "Homework3", "Homework3\Homework3.csproj", "{A7F99842-1912-4868-A0AA-AA45106CF5FE}"
EndProject
Global
	GlobalSection(SolutionConfigurationPlatforms) = preSolution
		Debug|Any CPU = Debug|Any CPU
		Release|Any CPU = Release|Any CPU
	EndGlobalSection
	GlobalSection(ProjectConfigurationPlatforms) = postSolution
		{6B0DCA0B-89A6-4600-AFAC-DC8DFBA15B3E}.Debug|Any CPU.ActiveCfg = Debug|Any CPU
		{6B0DCA0B-89A6-4600-AFAC-DC8DFBA15B3E}.Debug|Any CPU.Build.0 = Debug|Any CPU
		{6B0DCA0B-89A6-4600-AFAC-DC8DFBA15B3E}.Release|Any CPU.ActiveCfg = Release|Any CPU
		{6B0DCA0B-89A6-4600-AFAC-DC8DFBA15B3E}.Release|Any CPU.Build.0 = Release|Any CPU
		{9F8D420F-AAD7-41A5-9111-0B218E4599FA}.Debug|Any CPU.ActiveCfg = Debug|Any CPU
		{9F8D420F-AAD7-41A5-9111-0B218E4599FA}.Debug|Any CPU.Build.0 = Debug|Any CPU
		{9F8D420F-AAD7-41A5-9111-0B218E4599FA}.Release|Any CPU.ActiveCfg = Release|Any CPU
		{9F8D420F-AAD7-41A5-9111-0B218E4599FA}.Release|Any CPU.Build.0 = Release|Any CPU
		{A7F99842-1912-4868-A0AA-AA45106CF5FE}.Debug|Any CPU.ActiveCfg = Debug|Any CPU
		{A7F99842-1912-4868-A0AA-AA45106CF5FE}.Debug|Any CPU.Build.0 = Debug|Any CPU
		{A7F99842-1912-4868-A0AA-AA45106CF5FE}.Release|Any CPU.ActiveCfg = Release|Any CPU
		{A7F99842-1912-4868-A0AA-AA45106CF5FE}.Release|Any CPU.Build.0 = Release|Any CPU
	EndGlobalSection
	GlobalSection(SolutionProperties) = preSolution
		HideSolutionNode = FALSE
	EndGlobalSection
	GlobalSection(ExtensibilityGlobals) = postSolution
		SolutionGuid = {7E043706-E28D-476A-8A43-D427C904B70B}
	EndGlobalSection
EndGlobal
